
Microsoft Visual Studio Solution File, Format Version 12.00
# Visual Studio Version 16
VisualStudioVersion = 16.0.29525.5
MinimumVisualStudioVersion = 10.0.40219.1
Project("{9A19103F-16F7-4668-BE54-9A1E7A4F7556}") = "workspace", "..\workspace.csproj", "{297253AA-0DDB-4BB9-AE91-728384A3BB48}"
EndProject
Global
	GlobalSection(SolutionConfigurationPlatforms) = preSolution
		Debug|Any CPU = Debug|Any CPU
		Release|Any CPU = Release|Any CPU
	EndGlobalSection
	GlobalSection(ProjectConfigurationPlatforms) = postSolution
		{297253AA-0DDB-4BB9-AE91-728384A3BB48}.Debug|Any CPU.ActiveCfg = Debug|Any CPU
		{297253AA-0DDB-4BB9-AE91-728384A3BB48}.Debug|Any CPU.Build.0 = Debug|Any CPU
		{297253AA-0DDB-4BB9-AE91-728384A3BB48}.Release|Any CPU.ActiveCfg = Release|Any CPU
		{297253AA-0DDB-4BB9-AE91-728384A3BB48}.Release|Any CPU.Build.0 = Release|Any CPU
	EndGlobalSection
	GlobalSection(SolutionProperties) = preSolution
		HideSolutionNode = FALSE
	EndGlobalSection
	GlobalSection(ExtensibilityGlobals) = postSolution
		SolutionGuid = {E0DCC39E-D22D-4515-95E9-A3E109189108}
	EndGlobalSection
EndGlobal
